{
    "version": 4,
    "terraform_version": "1.10.1",
    "serial": 4,
    "lineage": "4324598b-4315-77aa-caa6-9b678a6cd5da",
    "outputs": {
      "instance_id": {
        "value": "i-02ac86d4af4fd3d9e",
        "type": "string"
      },
      "public_ip": {
        "value": "54.173.149.215",
        "type": "string"
      }
    },
    "resources": [
      {
        "module": "module.ec2_instance",
        "mode": "managed",
        "type": "aws_instance",
        "name": "Terraform-EC2-Instance_demo",
        "provider": "provider[\"registry.terraform.io/hashicorp/aws\"]",
        "instances": [
          {
            "schema_version": 1,
            "attributes": {
              "ami": "ami-005fc0f236362e99f",
              "arn": "arn:aws:ec2:us-east-1:065751393195:instance/i-02ac86d4af4fd3d9e",
              "associate_public_ip_address": true,
              "availability_zone": "us-east-1b",
              "capacity_reservation_specification": [
                {
                  "capacity_reservation_preference": "open",
                  "capacity_reservation_target": []
                }
              ],
              "cpu_core_count": 1,
              "cpu_options": [
                {
                  "amd_sev_snp": "",
                  "core_count": 1,
                  "threads_per_core": 1
                }
              ],
              "cpu_threads_per_core": 1,
              "credit_specification": [
                {
                  "cpu_credits": "standard"
                }
              ],
              "disable_api_stop": false,
              "disable_api_termination": false,
              "ebs_block_device": [],
              "ebs_optimized": false,
              "enclave_options": [
                {
                  "enabled": false
                }
              ],
              "ephemeral_block_device": [],
              "get_password_data": false,
              "hibernation": false,
              "host_id": "",
              "host_resource_group_arn": null,
              "iam_instance_profile": "",
              "id": "i-02ac86d4af4fd3d9e",
              "instance_initiated_shutdown_behavior": "stop",
              "instance_state": "running",
              "instance_type": "t2.micro",
              "ipv6_address_count": 0,
              "ipv6_addresses": [],
              "key_name": "Terra_eks_key",
              "launch_template": [],
              "maintenance_options": [
                {
                  "auto_recovery": "default"
                }
              ],
              "metadata_options": [
                {
                  "http_endpoint": "enabled",
                  "http_put_response_hop_limit": 1,
                  "http_tokens": "optional",
                  "instance_metadata_tags": "disabled"
                }
              ],
              "monitoring": false,
              "network_interface": [],
              "outpost_arn": "",
              "password_data": "",
              "placement_group": "",
              "placement_partition_number": 0,
              "primary_network_interface_id": "eni-0ce6fb1740bfded02",
              "private_dns": "ip-172-31-90-205.ec2.internal",
              "private_dns_name_options": [
                {
                  "enable_resource_name_dns_a_record": false,
                  "enable_resource_name_dns_aaaa_record": false,
                  "hostname_type": "ip-name"
                }
              ],
              "private_ip": "172.31.90.205",
              "public_dns": "ec2-54-173-149-215.compute-1.amazonaws.com",
              "public_ip": "54.173.149.215",
              "root_block_device": [
                {
                  "delete_on_termination": true,
                  "device_name": "/dev/sda1",
                  "encrypted": false,
                  "iops": 100,
                  "kms_key_id": "",
                  "tags": {},
                  "throughput": 0,
                  "volume_id": "vol-0867539329528755d",
                  "volume_size": 8,
                  "volume_type": "gp2"
                }
              ],
              "secondary_private_ips": [],
              "security_groups": [
                "default"
              ],
              "source_dest_check": true,
              "subnet_id": "subnet-0b8eeffb31b995524",
              "tags": {
                "Name": "Terraform-EC2-Instance"
              },
              "tags_all": {
                "Name": "Terraform-EC2-Instance"
              },
              "tenancy": "default",
              "timeouts": null,
              "user_data": null,
              "user_data_base64": null,
              "user_data_replace_on_change": false,
              "volume_tags": null,
              "vpc_security_group_ids": [
                "sg-0d6100546fe3f9aba"
              ]
            },
            "sensitive_attributes": [],
            "private": "eyJlMmJmYjczMC1lY2FhLTExZTYtOGY4OC0zNDM2M2JjN2M0YzAiOnsiY3JlYXRlIjo2MDAwMDAwMDAwMDAsImRlbGV0ZSI6MTIwMDAwMDAwMDAwMCwidXBkYXRlIjo2MDAwMDAwMDAwMDB9LCJzY2hlbWFfdmVyc2lvbiI6IjEifQ=="
          }
        ]
      }
    ],
    "check_results": null
  }
  